{
  "projects": [
    {
      "projectId": "a87zscS5zAyxUWqfaRXyok",
      "version": "latest",
      "dependencies": {},
      "lang": "js",
      "fileLocks": [
        {
          "type": "globalVariant",
          "assetId": "t4DeUfbUb9lt6-",
          "checksum": "08900cc98c4fd4767a14781e2a174a55"
        },
        {
          "type": "renderModule",
          "assetId": "3hnKrVti0MEako",
          "checksum": "67dd377f5df5316249ef84c97c7977bb"
        },
        {
          "type": "cssRules",
          "assetId": "3hnKrVti0MEako",
          "checksum": "67dd377f5df5316249ef84c97c7977bb"
        },
        {
          "type": "renderModule",
          "assetId": "SpLhEqEri3lkmA",
          "checksum": "062db4d4905c187f689458ee4bd95fae"
        },
        {
          "type": "cssRules",
          "assetId": "SpLhEqEri3lkmA",
          "checksum": "062db4d4905c187f689458ee4bd95fae"
        },
        {
          "type": "renderModule",
          "assetId": "5q6vu0sOZbzTG_",
          "checksum": "f461b76c8009bd5b2304cd3911381bf3"
        },
        {
          "type": "cssRules",
          "assetId": "5q6vu0sOZbzTG_",
          "checksum": "f461b76c8009bd5b2304cd3911381bf3"
        },
        {
          "type": "renderModule",
          "assetId": "Y6zlynpCxa3uIT",
          "checksum": "10b63afca904d76ccc5ed69ab668f077"
        },
        {
          "type": "cssRules",
          "assetId": "Y6zlynpCxa3uIT",
          "checksum": "10b63afca904d76ccc5ed69ab668f077"
        },
        {
          "type": "renderModule",
          "assetId": "q5MrCaLZQd8neF",
          "checksum": "b7a4f1be57e64dd0181e3fc269f2dd1e"
        },
        {
          "type": "cssRules",
          "assetId": "q5MrCaLZQd8neF",
          "checksum": "b7a4f1be57e64dd0181e3fc269f2dd1e"
        },
        {
          "type": "renderModule",
          "assetId": "MpeH7ry8BRWLQD",
          "checksum": "38383ae820e73078d26fbff552abf53d"
        },
        {
          "type": "cssRules",
          "assetId": "MpeH7ry8BRWLQD",
          "checksum": "38383ae820e73078d26fbff552abf53d"
        },
        {
          "type": "renderModule",
          "assetId": "pflfYLHUFrOqp9",
          "checksum": "f8c0bbc87a0532143d502a205c42e68e"
        },
        {
          "type": "cssRules",
          "assetId": "pflfYLHUFrOqp9",
          "checksum": "f8c0bbc87a0532143d502a205c42e68e"
        },
        {
          "type": "renderModule",
          "assetId": "G27rD6X62-BLct",
          "checksum": "f3defd6570c4c0bd68c8bf2335c41101"
        },
        {
          "type": "cssRules",
          "assetId": "G27rD6X62-BLct",
          "checksum": "f3defd6570c4c0bd68c8bf2335c41101"
        },
        {
          "type": "renderModule",
          "assetId": "BJB9TNf3xCMxyU",
          "checksum": "809a6d78ad7d274282727814a1b4be05"
        },
        {
          "type": "cssRules",
          "assetId": "BJB9TNf3xCMxyU",
          "checksum": "809a6d78ad7d274282727814a1b4be05"
        },
        {
          "type": "renderModule",
          "assetId": "Di1OOkJnVvkllM",
          "checksum": "5dbab28d46a6fec3ba2e45c4b456249d"
        },
        {
          "type": "cssRules",
          "assetId": "Di1OOkJnVvkllM",
          "checksum": "5dbab28d46a6fec3ba2e45c4b456249d"
        },
        {
          "type": "renderModule",
          "assetId": "Hh_PecjMJgfGYO",
          "checksum": "bf1dc6dace989051b5053b390844bac1"
        },
        {
          "type": "cssRules",
          "assetId": "Hh_PecjMJgfGYO",
          "checksum": "bf1dc6dace989051b5053b390844bac1"
        },
        {
          "type": "renderModule",
          "assetId": "erAu2MW1T_CFOW",
          "checksum": "9623e43f23d5425d739867dbbd8b4fdf"
        },
        {
          "type": "cssRules",
          "assetId": "erAu2MW1T_CFOW",
          "checksum": "9623e43f23d5425d739867dbbd8b4fdf"
        },
        {
          "type": "renderModule",
          "assetId": "EjS9V_FZoapGJC",
          "checksum": "aa49ab5670c38e346e681adb22dd05c1"
        },
        {
          "type": "cssRules",
          "assetId": "EjS9V_FZoapGJC",
          "checksum": "aa49ab5670c38e346e681adb22dd05c1"
        },
        {
          "type": "renderModule",
          "assetId": "AVTVbykJqn_B38",
          "checksum": "5f068f07a8ce3e5d7e739c6944f322d5"
        },
        {
          "type": "cssRules",
          "assetId": "AVTVbykJqn_B38",
          "checksum": "5f068f07a8ce3e5d7e739c6944f322d5"
        },
        {
          "type": "image",
          "assetId": "tl-h4zIYUbftrB",
          "checksum": "a00ee14d909f858561d60ca1aa8e42ec"
        },
        {
          "type": "image",
          "assetId": "vG8AxTucnhvmqC",
          "checksum": "7cf0909b86ff5452b5499df946a3697a"
        },
        {
          "type": "image",
          "assetId": "OV_roogfztZ1OL",
          "checksum": "05a011248dc830cf22275b67599aaf18"
        },
        {
          "type": "image",
          "assetId": "wLWScW0TqSheID",
          "checksum": "d7cbcfbc98213f3134e9a416184430ab"
        },
        {
          "assetId": "a87zscS5zAyxUWqfaRXyok",
          "type": "projectCss",
          "checksum": "948d74ac4c6bcfa35880ef25401977a3"
        },
        {
          "type": "icon",
          "assetId": "vVxNN2JG4ShtEc",
          "checksum": "f18d093be7885cc96e9394af773ba99c"
        },
        {
          "type": "icon",
          "assetId": "daQuwJdPTzvxaD",
          "checksum": "8f0b28eaff85c210163f3c40b59ef58e"
        },
        {
          "type": "icon",
          "assetId": "Qazq0V3R_M2HKZ",
          "checksum": "6420118a990441b63dff49525afcf556"
        },
        {
          "type": "icon",
          "assetId": "geGByYqRCm1E1L",
          "checksum": "88b65d8e1fbbb2791bc8ca47c43df4d5"
        },
        {
          "type": "icon",
          "assetId": "WJfArt8fdpayFX",
          "checksum": "1ea90faa264a44acbea5800734d7f655"
        },
        {
          "type": "icon",
          "assetId": "bYKHgwSwZqdvK2",
          "checksum": "f2602305c91e0617abdebf1093bfb6d0"
        },
        {
          "type": "icon",
          "assetId": "-r-fYnkxRYvK-o",
          "checksum": "83c21a62e4250284e80803f27fd68234"
        },
        {
          "type": "icon",
          "assetId": "_JWBIQc0Dw9Hnu",
          "checksum": "affaff316222650801c3e1424ed5c539"
        },
        {
          "type": "icon",
          "assetId": "fx6UOFDfBvrPWK",
          "checksum": "b75c44051c2d5733ad8a510b704bb8b3"
        },
        {
          "type": "icon",
          "assetId": "gQTOXiPZmzTKW6",
          "checksum": "c3e304c61287352634b607b0ba7ad4c4"
        },
        {
          "type": "icon",
          "assetId": "BdDmQ1eA8pGD_s",
          "checksum": "d5fea983845ec5564cac594c44276e82"
        },
        {
          "type": "icon",
          "assetId": "3jcWylQXzOoEqv",
          "checksum": "342a572ad82d3948abc13bda054b3b92"
        },
        {
          "type": "icon",
          "assetId": "fBhgXDBGSS5B_y",
          "checksum": "6b68f0c5204946c18af43190ffea5581"
        },
        {
          "type": "icon",
          "assetId": "ReAr8b0fyVMR1Z",
          "checksum": "a5013b04db0518218f12219e6945b14a"
        },
        {
          "type": "icon",
          "assetId": "kCuUutZBWWlIX6",
          "checksum": "ec949793d5bcc60db325649d062b3fec"
        },
        {
          "type": "icon",
          "assetId": "s49MDf-BqjfY-z",
          "checksum": "3f80c1608b9cbc6beaee7b958417c4e3"
        },
        {
          "type": "icon",
          "assetId": "pwhoP9QRWUlDAs",
          "checksum": "9b405968dd61d38c0dcef7ed803b837a"
        },
        {
          "type": "icon",
          "assetId": "oknYJZbUKMn1Jl",
          "checksum": "86eb9c9fb070c201aa1fbc4a741c4e69"
        },
        {
          "type": "icon",
          "assetId": "Qk8wqgcrz4uaiz",
          "checksum": "8d82f99bb6ef525cda69fb2f0b40beb2"
        },
        {
          "type": "icon",
          "assetId": "BzKeHVANHFAxLc",
          "checksum": "ed411b5dfb1f60d8ee4dffb987ade144"
        },
        {
          "type": "icon",
          "assetId": "X42BYSFS5AGQRe",
          "checksum": "5ddce6a6f41fd82042b172af868543a3"
        },
        {
          "type": "icon",
          "assetId": "42A6AiDsLrw6Xb",
          "checksum": "de4a2e22d23d6c79c73a58f68660f52c"
        },
        {
          "type": "icon",
          "assetId": "WRIF1ywEnG5Y2j",
          "checksum": "ac5bca1cabab5acf708e60446232e946"
        },
        {
          "type": "icon",
          "assetId": "upZHpDQfhptXri",
          "checksum": "df543c8154c536add625328360b33183"
        },
        {
          "type": "icon",
          "assetId": "IBix65dkTayBtm",
          "checksum": "c16c57faf6a08e535de4cf3e8d3bd5a1"
        },
        {
          "type": "icon",
          "assetId": "JvrlOz2R9cVDPb",
          "checksum": "3d2c05cde4d56740dae31de02441e001"
        },
        {
          "type": "icon",
          "assetId": "zxU2fHYe9Y4v-K",
          "checksum": "a2ba57b6e7b46855733d87770478d785"
        },
        {
          "type": "icon",
          "assetId": "tiitdqbF3Q4RVt",
          "checksum": "bbd0989feacf3c812b4eb16b4f211251"
        },
        {
          "type": "icon",
          "assetId": "GXRrI5DFVYm_ph",
          "checksum": "8d2e2e24386b27208db6f61b1232bd32"
        },
        {
          "type": "icon",
          "assetId": "6pNxp5MorT2SeF",
          "checksum": "11debac761359356f074407f3b8e138f"
        },
        {
          "type": "icon",
          "assetId": "lWS44Ldr4CrIgJ",
          "checksum": "76a5683ec02edcc49864beb31d6f7d25"
        },
        {
          "type": "icon",
          "assetId": "L6dI6jzdWCmF-a",
          "checksum": "5cf3f12a8eadc0d98cc79ecbad883995"
        },
        {
          "type": "icon",
          "assetId": "irEk8jmnxExbbH",
          "checksum": "64a66a8540e6f15a001df49f32feaac6"
        },
        {
          "type": "icon",
          "assetId": "5B2384-l4ppDo0",
          "checksum": "5679cb137ab97b1d99771a09b527286e"
        }
      ]
    }
  ],
  "cliVersion": "0.1.156"
}
